<?xml version="1.0" encoding="utf-8"?>
<Project ToolsVersion="4.0" xmlns="http://schemas.microsoft.com/developer/msbuild/2003">
  <ItemGroup>
    <Filter Include="Source Files">
      <UniqueIdentifier>{4FC737F1-C7A5-4376-A066-2A32D752A2FF}</UniqueIdentifier>
      <Extensions>cpp;c;cc;cxx;def;odl;idl;hpj;bat;asm;asmx</Extensions>
    </Filter>
    <Filter Include="Header Files">
      <UniqueIdentifier>{93995380-89BD-4b04-88EB-625FBE52EBFB}</UniqueIdentifier>
      <Extensions>h;hh;hpp;hxx;hm;inl;inc;xsd</Extensions>
    </Filter>
    <Filter Include="Shader Files">
      <UniqueIdentifier>{4106ffb2-7a5c-4a5a-81a4-df1045a7add8}</UniqueIdentifier>
    </Filter>
  </ItemGroup>
  <ItemGroup>
    <ClCompile Include="ShaderReflectionConsole.cpp">
      <Filter>Source Files</Filter>
    </ClCompile>
    <ClCompile Include="ShaderReflectionMain.cpp">
      <Filter>Source Files</Filter>
    </ClCompile>
  </ItemGroup>
  <ItemGroup>
    <ClInclude Include="ShaderReflectionConsole.h">
      <Filter>Header Files</Filter>
    </ClInclude>
  </ItemGroup>
  <ItemGroup>
    <None Include="Shaders\AppendConsume.cs.glsl">
      <Filter>Shader Files</Filter>
    </None>
    <None Include="Shaders\Billboards.gs.glsl">
      <Filter>Shader Files</Filter>
    </None>
    <None Include="Shaders\Billboards.ps.glsl">
      <Filter>Shader Files</Filter>
    </None>
    <None Include="Shaders\Billboards.vs.glsl">
      <Filter>Shader Files</Filter>
    </None>
    <None Include="Shaders\NestedStruct.cs.glsl">
      <Filter>Shader Files</Filter>
    </None>
    <None Include="Shaders\SimpleBuffers.cs.glsl">
      <Filter>Shader Files</Filter>
    </None>
    <None Include="Shaders\TextureArrays.ps.glsl">
      <Filter>Shader Files</Filter>
    </None>
    <None Include="Shaders\TextureArrays.vs.glsl">
      <Filter>Shader Files</Filter>
    </None>
    <None Include="Shaders\Texturing.ps.glsl">
      <Filter>Shader Files</Filter>
    </None>
    <None Include="Shaders\Texturing.vs.glsl">
      <Filter>Shader Files</Filter>
    </None>
    <None Include="Shaders\VertexColoring.ps.glsl">
      <Filter>Shader Files</Filter>
    </None>
    <None Include="Shaders\VertexColoring.vs.glsl">
      <Filter>Shader Files</Filter>
    </None>
  </ItemGroup>
</Project>