
Microsoft Visual Studio Solution File, Format Version 12.00
# Visual Studio 15
VisualStudioVersion = 15.0.28307.645
MinimumVisualStudioVersion = 10.0.40219.1
Project("{8BC9CEB8-8B4A-11D0-8D11-00A0C91BC942}") = "IntersectPlaneConvexPolyhedronGL45.v15", "IntersectPlaneConvexPolyhedronGL45.v15.vcxproj", "{93E340C2-BA79-4D8D-AD65-0A533224E5E6}"
EndProject
Project("{2150E333-8FDC-42A3-9474-1A3956D46DE8}") = "Required", "Required", "{48A08CAA-EBBF-4F02-A30F-429AF1237FCE}"
EndProject
Project("{8BC9CEB8-8B4A-11D0-8D11-00A0C91BC942}") = "GTMathematics.v15", "..\..\..\GTMathematics.v15.vcxproj", "{49616508-0E21-4645-AC0B-7FE8E3628AB0}"
EndProject
Project("{8BC9CEB8-8B4A-11D0-8D11-00A0C91BC942}") = "GTGraphics.v15", "..\..\..\GTGraphics.v15.vcxproj", "{51BBAD44-0632-4222-A199-F45BB78E5989}"
EndProject
Project("{8BC9CEB8-8B4A-11D0-8D11-00A0C91BC942}") = "GTGraphicsGL45.v15", "..\..\..\GTGraphicsGL45.v15.vcxproj", "{F85F48E2-4D4A-48F5-8A54-AF1F788DF531}"
EndProject
Project("{8BC9CEB8-8B4A-11D0-8D11-00A0C91BC942}") = "GTApplicationsGL45.v15", "..\..\..\GTApplicationsGL45.v15.vcxproj", "{14364644-585C-43A8-9C45-E2EBCD8EEE4F}"
EndProject
Global
	GlobalSection(SolutionConfigurationPlatforms) = preSolution
		Debug|x64 = Debug|x64
		Debug|x86 = Debug|x86
		Release|x64 = Release|x64
		Release|x86 = Release|x86
	EndGlobalSection
	GlobalSection(ProjectConfigurationPlatforms) = postSolution
		{93E340C2-BA79-4D8D-AD65-0A533224E5E6}.Debug|x64.ActiveCfg = Debug|x64
		{93E340C2-BA79-4D8D-AD65-0A533224E5E6}.Debug|x64.Build.0 = Debug|x64
		{93E340C2-BA79-4D8D-AD65-0A533224E5E6}.Debug|x86.ActiveCfg = Debug|Win32
		{93E340C2-BA79-4D8D-AD65-0A533224E5E6}.Debug|x86.Build.0 = Debug|Win32
		{93E340C2-BA79-4D8D-AD65-0A533224E5E6}.Release|x64.ActiveCfg = Release|x64
		{93E340C2-BA79-4D8D-AD65-0A533224E5E6}.Release|x64.Build.0 = Release|x64
		{93E340C2-BA79-4D8D-AD65-0A533224E5E6}.Release|x86.ActiveCfg = Release|Win32
		{93E340C2-BA79-4D8D-AD65-0A533224E5E6}.Release|x86.Build.0 = Release|Win32
		{49616508-0E21-4645-AC0B-7FE8E3628AB0}.Debug|x64.ActiveCfg = Debug|x64
		{49616508-0E21-4645-AC0B-7FE8E3628AB0}.Debug|x64.Build.0 = Debug|x64
		{49616508-0E21-4645-AC0B-7FE8E3628AB0}.Debug|x86.ActiveCfg = Debug|Win32
		{49616508-0E21-4645-AC0B-7FE8E3628AB0}.Debug|x86.Build.0 = Debug|Win32
		{49616508-0E21-4645-AC0B-7FE8E3628AB0}.Release|x64.ActiveCfg = Release|x64
		{49616508-0E21-4645-AC0B-7FE8E3628AB0}.Release|x64.Build.0 = Release|x64
		{49616508-0E21-4645-AC0B-7FE8E3628AB0}.Release|x86.ActiveCfg = Release|Win32
		{49616508-0E21-4645-AC0B-7FE8E3628AB0}.Release|x86.Build.0 = Release|Win32
		{51BBAD44-0632-4222-A199-F45BB78E5989}.Debug|x64.ActiveCfg = Debug|x64
		{51BBAD44-0632-4222-A199-F45BB78E5989}.Debug|x64.Build.0 = Debug|x64
		{51BBAD44-0632-4222-A199-F45BB78E5989}.Debug|x86.ActiveCfg = Debug|Win32
		{51BBAD44-0632-4222-A199-F45BB78E5989}.Debug|x86.Build.0 = Debug|Win32
		{51BBAD44-0632-4222-A199-F45BB78E5989}.Release|x64.ActiveCfg = Release|x64
		{51BBAD44-0632-4222-A199-F45BB78E5989}.Release|x64.Build.0 = Release|x64
		{51BBAD44-0632-4222-A199-F45BB78E5989}.Release|x86.ActiveCfg = Release|Win32
		{51BBAD44-0632-4222-A199-F45BB78E5989}.Release|x86.Build.0 = Release|Win32
		{F85F48E2-4D4A-48F5-8A54-AF1F788DF531}.Debug|x64.ActiveCfg = Debug|x64
		{F85F48E2-4D4A-48F5-8A54-AF1F788DF531}.Debug|x64.Build.0 = Debug|x64
		{F85F48E2-4D4A-48F5-8A54-AF1F788DF531}.Debug|x86.ActiveCfg = Debug|Win32
		{F85F48E2-4D4A-48F5-8A54-AF1F788DF531}.Debug|x86.Build.0 = Debug|Win32
		{F85F48E2-4D4A-48F5-8A54-AF1F788DF531}.Release|x64.ActiveCfg = Release|x64
		{F85F48E2-4D4A-48F5-8A54-AF1F788DF531}.Release|x64.Build.0 = Release|x64
		{F85F48E2-4D4A-48F5-8A54-AF1F788DF531}.Release|x86.ActiveCfg = Release|Win32
		{F85F48E2-4D4A-48F5-8A54-AF1F788DF531}.Release|x86.Build.0 = Release|Win32
		{14364644-585C-43A8-9C45-E2EBCD8EEE4F}.Debug|x64.ActiveCfg = Debug|x64
		{14364644-585C-43A8-9C45-E2EBCD8EEE4F}.Debug|x64.Build.0 = Debug|x64
		{14364644-585C-43A8-9C45-E2EBCD8EEE4F}.Debug|x86.ActiveCfg = Debug|Win32
		{14364644-585C-43A8-9C45-E2EBCD8EEE4F}.Debug|x86.Build.0 = Debug|Win32
		{14364644-585C-43A8-9C45-E2EBCD8EEE4F}.Release|x64.ActiveCfg = Release|x64
		{14364644-585C-43A8-9C45-E2EBCD8EEE4F}.Release|x64.Build.0 = Release|x64
		{14364644-585C-43A8-9C45-E2EBCD8EEE4F}.Release|x86.ActiveCfg = Release|Win32
		{14364644-585C-43A8-9C45-E2EBCD8EEE4F}.Release|x86.Build.0 = Release|Win32
	EndGlobalSection
	GlobalSection(SolutionProperties) = preSolution
		HideSolutionNode = FALSE
	EndGlobalSection
	GlobalSection(NestedProjects) = preSolution
		{49616508-0E21-4645-AC0B-7FE8E3628AB0} = {48A08CAA-EBBF-4F02-A30F-429AF1237FCE}
		{51BBAD44-0632-4222-A199-F45BB78E5989} = {48A08CAA-EBBF-4F02-A30F-429AF1237FCE}
		{F85F48E2-4D4A-48F5-8A54-AF1F788DF531} = {48A08CAA-EBBF-4F02-A30F-429AF1237FCE}
		{14364644-585C-43A8-9C45-E2EBCD8EEE4F} = {48A08CAA-EBBF-4F02-A30F-429AF1237FCE}
	EndGlobalSection
	GlobalSection(ExtensibilityGlobals) = postSolution
		SolutionGuid = {9DFD2878-76FF-42AC-B954-126A5917D9A1}
	EndGlobalSection
EndGlobal
