<?xml version="1.0" encoding="utf-8"?>
<Project ToolsVersion="4.0" xmlns="http://schemas.microsoft.com/developer/msbuild/2003">
  <ItemGroup>
    <Filter Include="Source Files">
      <UniqueIdentifier>{4FC737F1-C7A5-4376-A066-2A32D752A2FF}</UniqueIdentifier>
      <Extensions>cpp;c;cc;cxx;def;odl;idl;hpj;bat;asm;asmx</Extensions>
    </Filter>
    <Filter Include="Header Files">
      <UniqueIdentifier>{93995380-89BD-4b04-88EB-625FBE52EBFB}</UniqueIdentifier>
      <Extensions>h;hh;hpp;hxx;hm;inl;inc;xsd</Extensions>
    </Filter>
    <Filter Include="Data Files">
      <UniqueIdentifier>{665e8e50-238c-48d6-a5e5-671432e79493}</UniqueIdentifier>
    </Filter>
  </ItemGroup>
  <ItemGroup>
    <ClCompile Include="BouncingTetrahedraWindow3.cpp">
      <Filter>Source Files</Filter>
    </ClCompile>
    <ClCompile Include="BouncingTetrahedraMain.cpp">
      <Filter>Source Files</Filter>
    </ClCompile>
    <ClCompile Include="PhysicsModule.cpp">
      <Filter>Source Files</Filter>
    </ClCompile>
    <ClCompile Include="RigidPlane.cpp">
      <Filter>Source Files</Filter>
    </ClCompile>
    <ClCompile Include="RigidTetrahedron.cpp">
      <Filter>Source Files</Filter>
    </ClCompile>
  </ItemGroup>
  <ItemGroup>
    <ClInclude Include="BouncingTetrahedraWindow3.h">
      <Filter>Header Files</Filter>
    </ClInclude>
    <ClInclude Include="PhysicsModule.h">
      <Filter>Header Files</Filter>
    </ClInclude>
    <ClInclude Include="RigidPlane.h">
      <Filter>Header Files</Filter>
    </ClInclude>
    <ClInclude Include="RigidTetrahedron.h">
      <Filter>Header Files</Filter>
    </ClInclude>
  </ItemGroup>
  <ItemGroup>
    <Text Include="Initial.txt">
      <Filter>Data Files</Filter>
    </Text>
  </ItemGroup>
</Project>