<?xml version="1.0" encoding="utf-8"?>
<Project ToolsVersion="4.0" xmlns="http://schemas.microsoft.com/developer/msbuild/2003">
  <ItemGroup>
    <Filter Include="Source Files">
      <UniqueIdentifier>{4FC737F1-C7A5-4376-A066-2A32D752A2FF}</UniqueIdentifier>
      <Extensions>cpp;c;cc;cxx;def;odl;idl;hpj;bat;asm;asmx</Extensions>
    </Filter>
    <Filter Include="Header Files">
      <UniqueIdentifier>{93995380-89BD-4b04-88EB-625FBE52EBFB}</UniqueIdentifier>
      <Extensions>h;hh;hpp;hxx;hm;inl;inc;xsd</Extensions>
    </Filter>
    <Filter Include="Shader Files">
      <UniqueIdentifier>{c060985e-0f5e-46ae-9ef8-343fc8380cd2}</UniqueIdentifier>
    </Filter>
  </ItemGroup>
  <ItemGroup>
    <None Include="Shaders\WireMesh.gs.glsl">
      <Filter>Shader Files</Filter>
    </None>
    <None Include="Shaders\WireMesh.ps.glsl">
      <Filter>Shader Files</Filter>
    </None>
    <None Include="Shaders\WireMesh.vs.glsl">
      <Filter>Shader Files</Filter>
    </None>
  </ItemGroup>
  <ItemGroup>
    <ClCompile Include="WireMeshMain.cpp">
      <Filter>Source Files</Filter>
    </ClCompile>
    <ClCompile Include="WireMeshWindow3.cpp">
      <Filter>Source Files</Filter>
    </ClCompile>
  </ItemGroup>
  <ItemGroup>
    <ClInclude Include="WireMeshWindow3.h">
      <Filter>Header Files</Filter>
    </ClInclude>
  </ItemGroup>
</Project>