<?xml version="1.0" encoding="utf-8"?>
<Project ToolsVersion="4.0" xmlns="http://schemas.microsoft.com/developer/msbuild/2003">
  <ItemGroup>
    <Filter Include="Engine">
      <UniqueIdentifier>{a2c884d8-e1ff-4b4c-88f4-8e9c5286ddc7}</UniqueIdentifier>
    </Filter>
    <Filter Include="GL">
      <UniqueIdentifier>{6d2e15a2-9440-481a-aad9-dbc1d331e033}</UniqueIdentifier>
    </Filter>
    <Filter Include="GLSL">
      <UniqueIdentifier>{8c057274-6ade-4248-8410-95922809fb01}</UniqueIdentifier>
    </Filter>
    <Filter Include="GLX">
      <UniqueIdentifier>{cd842a8f-959d-4166-834e-64d6909325ad}</UniqueIdentifier>
    </Filter>
    <Filter Include="WGL">
      <UniqueIdentifier>{7958d9bd-b834-4901-95bc-d00e83face4e}</UniqueIdentifier>
    </Filter>
    <Filter Include="Engine\InputLayout">
      <UniqueIdentifier>{b616180e-c138-4b4a-b188-08b543941125}</UniqueIdentifier>
    </Filter>
    <Filter Include="Engine\Resources">
      <UniqueIdentifier>{54a5b7cd-4680-465d-af67-a10fc33388d9}</UniqueIdentifier>
    </Filter>
    <Filter Include="Engine\Resources\Buffers">
      <UniqueIdentifier>{c3718285-d285-4239-a258-13eca7441e76}</UniqueIdentifier>
    </Filter>
    <Filter Include="Engine\Resources\Textures">
      <UniqueIdentifier>{356a19f5-8552-4af7-8bd0-ee446b138604}</UniqueIdentifier>
    </Filter>
    <Filter Include="Engine\State">
      <UniqueIdentifier>{0c2f07b0-83e9-4746-8d0e-40c14a901761}</UniqueIdentifier>
    </Filter>
  </ItemGroup>
  <ItemGroup>
    <ClInclude Include="Graphics\GL45\GL\glcorearb.h">
      <Filter>GL</Filter>
    </ClInclude>
    <ClInclude Include="Graphics\GL45\GL\glext.h">
      <Filter>GL</Filter>
    </ClInclude>
    <ClInclude Include="Graphics\GL45\GL\glxext.h">
      <Filter>GL</Filter>
    </ClInclude>
    <ClInclude Include="Graphics\GL45\GL\wglext.h">
      <Filter>GL</Filter>
    </ClInclude>
    <ClInclude Include="Graphics\GL45\GLX\GLXEngine.h">
      <Filter>GLX</Filter>
    </ClInclude>
    <ClInclude Include="Graphics\GL45\WGL\WGLEngine.h">
      <Filter>WGL</Filter>
    </ClInclude>
    <ClInclude Include="Graphics\GL45\GTGraphicsGL45.h" />
    <ClInclude Include="Graphics\GL45\GTGraphicsGL45PCH.h" />
    <ClInclude Include="Graphics\GL45\GL45.h">
      <Filter>Engine</Filter>
    </ClInclude>
    <ClInclude Include="Graphics\GL45\GL45AtomicCounterBuffer.h">
      <Filter>Engine\Resources\Buffers</Filter>
    </ClInclude>
    <ClInclude Include="Graphics\GL45\GL45BlendState.h">
      <Filter>Engine\State</Filter>
    </ClInclude>
    <ClInclude Include="Graphics\GL45\GL45Buffer.h">
      <Filter>Engine\Resources\Buffers</Filter>
    </ClInclude>
    <ClInclude Include="Graphics\GL45\GL45ConstantBuffer.h">
      <Filter>Engine\Resources\Buffers</Filter>
    </ClInclude>
    <ClInclude Include="Graphics\GL45\GL45DepthStencilState.h">
      <Filter>Engine\State</Filter>
    </ClInclude>
    <ClInclude Include="Graphics\GL45\GL45DrawingState.h">
      <Filter>Engine\State</Filter>
    </ClInclude>
    <ClInclude Include="Graphics\GL45\GL45DrawTarget.h">
      <Filter>Engine\Resources\Textures</Filter>
    </ClInclude>
    <ClInclude Include="Graphics\GL45\GL45Engine.h">
      <Filter>Engine</Filter>
    </ClInclude>
    <ClInclude Include="Graphics\GL45\GL45GraphicsObject.h">
      <Filter>Engine</Filter>
    </ClInclude>
    <ClInclude Include="Graphics\GL45\GL45IndexBuffer.h">
      <Filter>Engine\Resources\Buffers</Filter>
    </ClInclude>
    <ClInclude Include="Graphics\GL45\GL45InputLayout.h">
      <Filter>Engine\InputLayout</Filter>
    </ClInclude>
    <ClInclude Include="Graphics\GL45\GL45InputLayoutManager.h">
      <Filter>Engine\InputLayout</Filter>
    </ClInclude>
    <ClInclude Include="Graphics\GL45\GL45RasterizerState.h">
      <Filter>Engine\State</Filter>
    </ClInclude>
    <ClInclude Include="Graphics\GL45\GL45Resource.h">
      <Filter>Engine\Resources</Filter>
    </ClInclude>
    <ClInclude Include="Graphics\GL45\GL45SamplerState.h">
      <Filter>Engine\State</Filter>
    </ClInclude>
    <ClInclude Include="Graphics\GL45\GL45StructuredBuffer.h">
      <Filter>Engine\Resources\Buffers</Filter>
    </ClInclude>
    <ClInclude Include="Graphics\GL45\GL45Texture.h">
      <Filter>Engine\Resources\Textures</Filter>
    </ClInclude>
    <ClInclude Include="Graphics\GL45\GL45Texture1.h">
      <Filter>Engine\Resources\Textures</Filter>
    </ClInclude>
    <ClInclude Include="Graphics\GL45\GL45Texture1Array.h">
      <Filter>Engine\Resources\Textures</Filter>
    </ClInclude>
    <ClInclude Include="Graphics\GL45\GL45Texture2.h">
      <Filter>Engine\Resources\Textures</Filter>
    </ClInclude>
    <ClInclude Include="Graphics\GL45\GL45Texture2Array.h">
      <Filter>Engine\Resources\Textures</Filter>
    </ClInclude>
    <ClInclude Include="Graphics\GL45\GL45Texture3.h">
      <Filter>Engine\Resources\Textures</Filter>
    </ClInclude>
    <ClInclude Include="Graphics\GL45\GL45TextureArray.h">
      <Filter>Engine\Resources\Textures</Filter>
    </ClInclude>
    <ClInclude Include="Graphics\GL45\GL45TextureCube.h">
      <Filter>Engine\Resources\Textures</Filter>
    </ClInclude>
    <ClInclude Include="Graphics\GL45\GL45TextureCubeArray.h">
      <Filter>Engine\Resources\Textures</Filter>
    </ClInclude>
    <ClInclude Include="Graphics\GL45\GL45TextureDS.h">
      <Filter>Engine\Resources\Textures</Filter>
    </ClInclude>
    <ClInclude Include="Graphics\GL45\GL45TextureRT.h">
      <Filter>Engine\Resources\Textures</Filter>
    </ClInclude>
    <ClInclude Include="Graphics\GL45\GL45TextureSingle.h">
      <Filter>Engine\Resources\Textures</Filter>
    </ClInclude>
    <ClInclude Include="Graphics\GL45\GL45VertexBuffer.h">
      <Filter>Engine\Resources\Buffers</Filter>
    </ClInclude>
    <ClInclude Include="Graphics\GL45\GLSLComputeProgram.h">
      <Filter>GLSL</Filter>
    </ClInclude>
    <ClInclude Include="Graphics\GL45\GLSLProgramFactory.h">
      <Filter>GLSL</Filter>
    </ClInclude>
    <ClInclude Include="Graphics\GL45\GLSLReflection.h">
      <Filter>GLSL</Filter>
    </ClInclude>
    <ClInclude Include="Graphics\GL45\GLSLShader.h">
      <Filter>GLSL</Filter>
    </ClInclude>
    <ClInclude Include="Graphics\GL45\GLSLVisualProgram.h">
      <Filter>GLSL</Filter>
    </ClInclude>
  </ItemGroup>
  <ItemGroup>
    <ClCompile Include="Graphics\GL45\GLX\GLXEngine.cpp">
      <Filter>GLX</Filter>
    </ClCompile>
    <ClCompile Include="Graphics\GL45\GLX\GLXExtensions.cpp">
      <Filter>GLX</Filter>
    </ClCompile>
    <ClCompile Include="Graphics\GL45\WGL\WGLEngine.cpp">
      <Filter>WGL</Filter>
    </ClCompile>
    <ClCompile Include="Graphics\GL45\WGL\WGLExtensions.cpp">
      <Filter>WGL</Filter>
    </ClCompile>
    <ClCompile Include="Graphics\GL45\GTGraphicsGL45.cpp" />
    <ClCompile Include="Graphics\GL45\GL45.cpp">
      <Filter>Engine</Filter>
    </ClCompile>
    <ClCompile Include="Graphics\GL45\GL45AtomicCounterBuffer.cpp">
      <Filter>Engine\Resources\Buffers</Filter>
    </ClCompile>
    <ClCompile Include="Graphics\GL45\GL45BlendState.cpp">
      <Filter>Engine\State</Filter>
    </ClCompile>
    <ClCompile Include="Graphics\GL45\GL45Buffer.cpp">
      <Filter>Engine\Resources\Buffers</Filter>
    </ClCompile>
    <ClCompile Include="Graphics\GL45\GL45ConstantBuffer.cpp">
      <Filter>Engine\Resources\Buffers</Filter>
    </ClCompile>
    <ClCompile Include="Graphics\GL45\GL45DepthStencilState.cpp">
      <Filter>Engine\State</Filter>
    </ClCompile>
    <ClCompile Include="Graphics\GL45\GL45DrawingState.cpp">
      <Filter>Engine\State</Filter>
    </ClCompile>
    <ClCompile Include="Graphics\GL45\GL45DrawTarget.cpp">
      <Filter>Engine\Resources\Textures</Filter>
    </ClCompile>
    <ClCompile Include="Graphics\GL45\GL45Engine.cpp">
      <Filter>Engine</Filter>
    </ClCompile>
    <ClCompile Include="Graphics\GL45\GL45GraphicsObject.cpp">
      <Filter>Engine</Filter>
    </ClCompile>
    <ClCompile Include="Graphics\GL45\GL45IndexBuffer.cpp">
      <Filter>Engine\Resources\Buffers</Filter>
    </ClCompile>
    <ClCompile Include="Graphics\GL45\GL45InputLayout.cpp">
      <Filter>Engine\InputLayout</Filter>
    </ClCompile>
    <ClCompile Include="Graphics\GL45\GL45InputLayoutManager.cpp">
      <Filter>Engine\InputLayout</Filter>
    </ClCompile>
    <ClCompile Include="Graphics\GL45\GL45RasterizerState.cpp">
      <Filter>Engine\State</Filter>
    </ClCompile>
    <ClCompile Include="Graphics\GL45\GL45Resource.cpp">
      <Filter>Engine\Resources</Filter>
    </ClCompile>
    <ClCompile Include="Graphics\GL45\GL45SamplerState.cpp">
      <Filter>Engine\State</Filter>
    </ClCompile>
    <ClCompile Include="Graphics\GL45\GL45StructuredBuffer.cpp">
      <Filter>Engine\Resources\Buffers</Filter>
    </ClCompile>
    <ClCompile Include="Graphics\GL45\GL45Texture.cpp">
      <Filter>Engine\Resources\Textures</Filter>
    </ClCompile>
    <ClCompile Include="Graphics\GL45\GL45Texture1.cpp">
      <Filter>Engine\Resources\Textures</Filter>
    </ClCompile>
    <ClCompile Include="Graphics\GL45\GL45Texture1Array.cpp">
      <Filter>Engine\Resources\Textures</Filter>
    </ClCompile>
    <ClCompile Include="Graphics\GL45\GL45Texture2.cpp">
      <Filter>Engine\Resources\Textures</Filter>
    </ClCompile>
    <ClCompile Include="Graphics\GL45\GL45Texture2Array.cpp">
      <Filter>Engine\Resources\Textures</Filter>
    </ClCompile>
    <ClCompile Include="Graphics\GL45\GL45Texture3.cpp">
      <Filter>Engine\Resources\Textures</Filter>
    </ClCompile>
    <ClCompile Include="Graphics\GL45\GL45TextureArray.cpp">
      <Filter>Engine\Resources\Textures</Filter>
    </ClCompile>
    <ClCompile Include="Graphics\GL45\GL45TextureCube.cpp">
      <Filter>Engine\Resources\Textures</Filter>
    </ClCompile>
    <ClCompile Include="Graphics\GL45\GL45TextureCubeArray.cpp">
      <Filter>Engine\Resources\Textures</Filter>
    </ClCompile>
    <ClCompile Include="Graphics\GL45\GL45TextureDS.cpp">
      <Filter>Engine\Resources\Textures</Filter>
    </ClCompile>
    <ClCompile Include="Graphics\GL45\GL45TextureRT.cpp">
      <Filter>Engine\Resources\Textures</Filter>
    </ClCompile>
    <ClCompile Include="Graphics\GL45\GL45TextureSingle.cpp">
      <Filter>Engine\Resources\Textures</Filter>
    </ClCompile>
    <ClCompile Include="Graphics\GL45\GL45VertexBuffer.cpp">
      <Filter>Engine\Resources\Buffers</Filter>
    </ClCompile>
    <ClCompile Include="Graphics\GL45\GLSLComputeProgram.cpp">
      <Filter>GLSL</Filter>
    </ClCompile>
    <ClCompile Include="Graphics\GL45\GLSLProgramFactory.cpp">
      <Filter>GLSL</Filter>
    </ClCompile>
    <ClCompile Include="Graphics\GL45\GLSLReflection.cpp">
      <Filter>GLSL</Filter>
    </ClCompile>
    <ClCompile Include="Graphics\GL45\GLSLShader.cpp">
      <Filter>GLSL</Filter>
    </ClCompile>
    <ClCompile Include="Graphics\GL45\GLSLVisualProgram.cpp">
      <Filter>GLSL</Filter>
    </ClCompile>
  </ItemGroup>
</Project>