
Microsoft Visual Studio Solution File, Format Version 12.00
# Visual Studio Version 17
VisualStudioVersion = 17.0.32014.148
MinimumVisualStudioVersion = 10.0.40219.1
Project("{8BC9CEB8-8B4A-11D0-8D11-00A0C91BC942}") = "GTMathematics.v17", "GTMathematics.v17.vcxproj", "{0CADDB12-31D9-4F60-A8C0-678D1773DA03}"
EndProject
Global
	GlobalSection(SolutionConfigurationPlatforms) = preSolution
		Debug|x64 = Debug|x64
		Debug|x86 = Debug|x86
		Release|x64 = Release|x64
		Release|x86 = Release|x86
	EndGlobalSection
	GlobalSection(ProjectConfigurationPlatforms) = postSolution
		{0CADDB12-31D9-4F60-A8C0-678D1773DA03}.Debug|x64.ActiveCfg = Debug|x64
		{0CADDB12-31D9-4F60-A8C0-678D1773DA03}.Debug|x64.Build.0 = Debug|x64
		{0CADDB12-31D9-4F60-A8C0-678D1773DA03}.Debug|x86.ActiveCfg = Debug|Win32
		{0CADDB12-31D9-4F60-A8C0-678D1773DA03}.Debug|x86.Build.0 = Debug|Win32
		{0CADDB12-31D9-4F60-A8C0-678D1773DA03}.Release|x64.ActiveCfg = Release|x64
		{0CADDB12-31D9-4F60-A8C0-678D1773DA03}.Release|x64.Build.0 = Release|x64
		{0CADDB12-31D9-4F60-A8C0-678D1773DA03}.Release|x86.ActiveCfg = Release|Win32
		{0CADDB12-31D9-4F60-A8C0-678D1773DA03}.Release|x86.Build.0 = Release|Win32
	EndGlobalSection
	GlobalSection(SolutionProperties) = preSolution
		HideSolutionNode = FALSE
	EndGlobalSection
	GlobalSection(ExtensibilityGlobals) = postSolution
		SolutionGuid = {8D05EAC2-64AE-4343-83A7-B94F596A099B}
	EndGlobalSection
EndGlobal
