<?xml version="1.0" encoding="utf-8"?>
<Project ToolsVersion="4.0" xmlns="http://schemas.microsoft.com/developer/msbuild/2003">
  <ItemGroup>
    <Filter Include="Algebra">
      <UniqueIdentifier>{070a187d-add6-4272-bb61-dbc84d9a537f}</UniqueIdentifier>
    </Filter>
    <Filter Include="Arithmetic">
      <UniqueIdentifier>{e6703f5c-8ed0-4551-b46d-674a4fa9f85d}</UniqueIdentifier>
    </Filter>
    <Filter Include="Functions">
      <UniqueIdentifier>{48923908-5b35-45c8-aecd-ad5c88191838}</UniqueIdentifier>
    </Filter>
    <Filter Include="MatrixAnalysis">
      <UniqueIdentifier>{335fb68f-9e27-43e9-81ff-41122ab4e9f6}</UniqueIdentifier>
    </Filter>
    <Filter Include="DifferentialEquations">
      <UniqueIdentifier>{2c6b5789-8f38-4b86-9e64-f8c51431a122}</UniqueIdentifier>
    </Filter>
    <Filter Include="Primitives">
      <UniqueIdentifier>{84053a3a-109d-436e-8536-5a3d961104fd}</UniqueIdentifier>
    </Filter>
    <Filter Include="Primitives\2D">
      <UniqueIdentifier>{60934da2-49a0-4bcc-b886-97d81dbddf6f}</UniqueIdentifier>
    </Filter>
    <Filter Include="Primitives\3D">
      <UniqueIdentifier>{ac996411-79ec-4b09-be79-0c1613465181}</UniqueIdentifier>
    </Filter>
    <Filter Include="Primitives\ND">
      <UniqueIdentifier>{bec6b9e2-e31c-4cde-9b5d-d474c5341cfa}</UniqueIdentifier>
    </Filter>
    <Filter Include="RootFinders">
      <UniqueIdentifier>{b85e1df7-113e-4807-a4e4-1de6369cd01e}</UniqueIdentifier>
    </Filter>
    <Filter Include="Curves">
      <UniqueIdentifier>{cb817d9f-e074-4c5c-a064-f8298013607f}</UniqueIdentifier>
    </Filter>
    <Filter Include="Surfaces">
      <UniqueIdentifier>{009f942a-0252-40bf-947f-c3025dff6cce}</UniqueIdentifier>
    </Filter>
  </ItemGroup>
  <ItemGroup>
    <ClInclude Include="Algebra\AxisAngle.h">
      <Filter>Algebra</Filter>
    </ClInclude>
    <ClInclude Include="Algebra\ConvertCoordinates.h">
      <Filter>Algebra</Filter>
    </ClInclude>
    <ClInclude Include="Algebra\DualQuaternion.h">
      <Filter>Algebra</Filter>
    </ClInclude>
    <ClInclude Include="Algebra\EulerAngles.h">
      <Filter>Algebra</Filter>
    </ClInclude>
    <ClInclude Include="Algebra\LieGroupsAlgebras.h">
      <Filter>Algebra</Filter>
    </ClInclude>
    <ClInclude Include="Algebra\Matrix.h">
      <Filter>Algebra</Filter>
    </ClInclude>
    <ClInclude Include="Algebra\Quaternion.h">
      <Filter>Algebra</Filter>
    </ClInclude>
    <ClInclude Include="Algebra\Vector.h">
      <Filter>Algebra</Filter>
    </ClInclude>
    <ClInclude Include="Arithmetic\APConversion.h">
      <Filter>Arithmetic</Filter>
    </ClInclude>
    <ClInclude Include="Arithmetic\APInterval.h">
      <Filter>Arithmetic</Filter>
    </ClInclude>
    <ClInclude Include="Arithmetic\ArbitraryPrecision.h">
      <Filter>Arithmetic</Filter>
    </ClInclude>
    <ClInclude Include="Arithmetic\BitHacks.h">
      <Filter>Arithmetic</Filter>
    </ClInclude>
    <ClInclude Include="Arithmetic\BSNumber.h">
      <Filter>Arithmetic</Filter>
    </ClInclude>
    <ClInclude Include="Arithmetic\BSPrecision.h">
      <Filter>Arithmetic</Filter>
    </ClInclude>
    <ClInclude Include="Arithmetic\BSRational.h">
      <Filter>Arithmetic</Filter>
    </ClInclude>
    <ClInclude Include="Arithmetic\Constants.h">
      <Filter>Arithmetic</Filter>
    </ClInclude>
    <ClInclude Include="Arithmetic\IEEEBinary.h">
      <Filter>Arithmetic</Filter>
    </ClInclude>
    <ClInclude Include="Arithmetic\IEEEBinary16.h">
      <Filter>Arithmetic</Filter>
    </ClInclude>
    <ClInclude Include="Arithmetic\QFNumber.h">
      <Filter>Arithmetic</Filter>
    </ClInclude>
    <ClInclude Include="Arithmetic\UIntegerALU32.h">
      <Filter>Arithmetic</Filter>
    </ClInclude>
    <ClInclude Include="Arithmetic\UIntegerAP32.h">
      <Filter>Arithmetic</Filter>
    </ClInclude>
    <ClInclude Include="Arithmetic\UIntegerFP32.h">
      <Filter>Arithmetic</Filter>
    </ClInclude>
    <ClInclude Include="Arithmetic\SWInterval.h">
      <Filter>Arithmetic</Filter>
    </ClInclude>
    <ClInclude Include="Algebra\RigidMotion.h">
      <Filter>Algebra</Filter>
    </ClInclude>
    <ClInclude Include="Functions\ACosEstimate.h">
      <Filter>Functions</Filter>
    </ClInclude>
    <ClInclude Include="Functions\ASinEstimate.h">
      <Filter>Functions</Filter>
    </ClInclude>
    <ClInclude Include="Functions\ATanEstimate.h">
      <Filter>Functions</Filter>
    </ClInclude>
    <ClInclude Include="Functions\ChebyshevRatio.h">
      <Filter>Functions</Filter>
    </ClInclude>
    <ClInclude Include="Functions\ChebyshevRatioEstimate.h">
      <Filter>Functions</Filter>
    </ClInclude>
    <ClInclude Include="Functions\CosEstimate.h">
      <Filter>Functions</Filter>
    </ClInclude>
    <ClInclude Include="Functions\Exp2Estimate.h">
      <Filter>Functions</Filter>
    </ClInclude>
    <ClInclude Include="Functions\ExpEstimate.h">
      <Filter>Functions</Filter>
    </ClInclude>
    <ClInclude Include="Functions\InvSqrtEstimate.h">
      <Filter>Functions</Filter>
    </ClInclude>
    <ClInclude Include="Functions\Log2Estimate.h">
      <Filter>Functions</Filter>
    </ClInclude>
    <ClInclude Include="Functions\LogEstimate.h">
      <Filter>Functions</Filter>
    </ClInclude>
    <ClInclude Include="Functions\RemezAlgorithm.h">
      <Filter>Functions</Filter>
    </ClInclude>
    <ClInclude Include="Functions\RotationEstimate.h">
      <Filter>Functions</Filter>
    </ClInclude>
    <ClInclude Include="Functions\SinEstimate.h">
      <Filter>Functions</Filter>
    </ClInclude>
    <ClInclude Include="Functions\Slerp.h">
      <Filter>Functions</Filter>
    </ClInclude>
    <ClInclude Include="Functions\SlerpEstimate.h">
      <Filter>Functions</Filter>
    </ClInclude>
    <ClInclude Include="Functions\SqrtEstimate.h">
      <Filter>Functions</Filter>
    </ClInclude>
    <ClInclude Include="Functions\TanEstimate.h">
      <Filter>Functions</Filter>
    </ClInclude>
    <ClInclude Include="MatrixAnalysis\GaussianElimination.h">
      <Filter>MatrixAnalysis</Filter>
    </ClInclude>
    <ClInclude Include="MatrixAnalysis\SingularValueDecomposition.h">
      <Filter>MatrixAnalysis</Filter>
    </ClInclude>
    <ClInclude Include="MatrixAnalysis\SymmetricEigensolver.h">
      <Filter>MatrixAnalysis</Filter>
    </ClInclude>
    <ClInclude Include="Algebra\MatrixAccessor.h">
      <Filter>Algebra</Filter>
    </ClInclude>
    <ClInclude Include="MatrixAnalysis\CholeskyDecomposition.h">
      <Filter>MatrixAnalysis</Filter>
    </ClInclude>
    <ClInclude Include="MatrixAnalysis\LinearSystem.h">
      <Filter>MatrixAnalysis</Filter>
    </ClInclude>
    <ClInclude Include="MatrixAnalysis\BandedMatrix.h">
      <Filter>MatrixAnalysis</Filter>
    </ClInclude>
    <ClInclude Include="Algebra\AffineTransform.h">
      <Filter>Algebra</Filter>
    </ClInclude>
    <ClInclude Include="MatrixAnalysis\LDLTDecomposition.h">
      <Filter>MatrixAnalysis</Filter>
    </ClInclude>
    <ClInclude Include="Algebra\Polynomial.h">
      <Filter>Algebra</Filter>
    </ClInclude>
    <ClInclude Include="Arithmetic\IEEEFunctions.h">
      <Filter>Arithmetic</Filter>
    </ClInclude>
    <ClInclude Include="MatrixAnalysis\BlockCholeskyDecomposition.h">
      <Filter>MatrixAnalysis</Filter>
    </ClInclude>
    <ClInclude Include="MatrixAnalysis\BlockLDLTDecomposition.h">
      <Filter>MatrixAnalysis</Filter>
    </ClInclude>
    <ClInclude Include="DifferentialEquations\OdeEuler.h">
      <Filter>DifferentialEquations</Filter>
    </ClInclude>
    <ClInclude Include="DifferentialEquations\OdeImplicitEuler.h">
      <Filter>DifferentialEquations</Filter>
    </ClInclude>
    <ClInclude Include="DifferentialEquations\OdeMidpoint.h">
      <Filter>DifferentialEquations</Filter>
    </ClInclude>
    <ClInclude Include="DifferentialEquations\OdeRungeKutta4.h">
      <Filter>DifferentialEquations</Filter>
    </ClInclude>
    <ClInclude Include="DifferentialEquations\OdeSolver.h">
      <Filter>DifferentialEquations</Filter>
    </ClInclude>
    <ClInclude Include="Primitives\2D\Arc2.h">
      <Filter>Primitives\2D</Filter>
    </ClInclude>
    <ClInclude Include="Primitives\2D\Circle2.h">
      <Filter>Primitives\2D</Filter>
    </ClInclude>
    <ClInclude Include="Primitives\2D\Ellipse2.h">
      <Filter>Primitives\2D</Filter>
    </ClInclude>
    <ClInclude Include="Primitives\2D\Polygon2.h">
      <Filter>Primitives\2D</Filter>
    </ClInclude>
    <ClInclude Include="Primitives\3D\Circle3.h">
      <Filter>Primitives\3D</Filter>
    </ClInclude>
    <ClInclude Include="Primitives\3D\ConvexMesh3.h">
      <Filter>Primitives\3D</Filter>
    </ClInclude>
    <ClInclude Include="Primitives\3D\ConvexPolyhedron3.h">
      <Filter>Primitives\3D</Filter>
    </ClInclude>
    <ClInclude Include="Primitives\3D\Ellipse3.h">
      <Filter>Primitives\3D</Filter>
    </ClInclude>
    <ClInclude Include="Primitives\3D\Ellipsoid3.h">
      <Filter>Primitives\3D</Filter>
    </ClInclude>
    <ClInclude Include="Primitives\3D\Frustum3.h">
      <Filter>Primitives\3D</Filter>
    </ClInclude>
    <ClInclude Include="Primitives\3D\Plane3.h">
      <Filter>Primitives\3D</Filter>
    </ClInclude>
    <ClInclude Include="Primitives\3D\Polyhedron3.h">
      <Filter>Primitives\3D</Filter>
    </ClInclude>
    <ClInclude Include="Primitives\3D\Sphere3.h">
      <Filter>Primitives\3D</Filter>
    </ClInclude>
    <ClInclude Include="Primitives\3D\Tetrahedron3.h">
      <Filter>Primitives\3D</Filter>
    </ClInclude>
    <ClInclude Include="Primitives\3D\Torus3.h">
      <Filter>Primitives\3D</Filter>
    </ClInclude>
    <ClInclude Include="Primitives\ND\AlignedBox.h">
      <Filter>Primitives\ND</Filter>
    </ClInclude>
    <ClInclude Include="Primitives\ND\CanonicalBox.h">
      <Filter>Primitives\ND</Filter>
    </ClInclude>
    <ClInclude Include="Primitives\ND\Capsule.h">
      <Filter>Primitives\ND</Filter>
    </ClInclude>
    <ClInclude Include="Primitives\ND\Cone.h">
      <Filter>Primitives\ND</Filter>
    </ClInclude>
    <ClInclude Include="Primitives\ND\Cylinder.h">
      <Filter>Primitives\ND</Filter>
    </ClInclude>
    <ClInclude Include="Primitives\ND\Halfspace.h">
      <Filter>Primitives\ND</Filter>
    </ClInclude>
    <ClInclude Include="Primitives\ND\Hyperellipsoid.h">
      <Filter>Primitives\ND</Filter>
    </ClInclude>
    <ClInclude Include="Primitives\ND\Hyperplane.h">
      <Filter>Primitives\ND</Filter>
    </ClInclude>
    <ClInclude Include="Primitives\ND\Hypersphere.h">
      <Filter>Primitives\ND</Filter>
    </ClInclude>
    <ClInclude Include="Primitives\ND\Line.h">
      <Filter>Primitives\ND</Filter>
    </ClInclude>
    <ClInclude Include="Primitives\ND\Lozenge.h">
      <Filter>Primitives\ND</Filter>
    </ClInclude>
    <ClInclude Include="Primitives\ND\OrientedBox.h">
      <Filter>Primitives\ND</Filter>
    </ClInclude>
    <ClInclude Include="Primitives\ND\Ray.h">
      <Filter>Primitives\ND</Filter>
    </ClInclude>
    <ClInclude Include="Primitives\ND\Rectangle.h">
      <Filter>Primitives\ND</Filter>
    </ClInclude>
    <ClInclude Include="Primitives\ND\Segment.h">
      <Filter>Primitives\ND</Filter>
    </ClInclude>
    <ClInclude Include="Primitives\ND\Triangle.h">
      <Filter>Primitives\ND</Filter>
    </ClInclude>
    <ClInclude Include="RootFinders\RootsBisection1.h">
      <Filter>RootFinders</Filter>
    </ClInclude>
    <ClInclude Include="RootFinders\RootsBisection2.h">
      <Filter>RootFinders</Filter>
    </ClInclude>
    <ClInclude Include="RootFinders\RootsBrentsMethod.h">
      <Filter>RootFinders</Filter>
    </ClInclude>
    <ClInclude Include="RootFinders\RootsCubic.h">
      <Filter>RootFinders</Filter>
    </ClInclude>
    <ClInclude Include="RootFinders\RootsPolynomial.h">
      <Filter>RootFinders</Filter>
    </ClInclude>
    <ClInclude Include="RootFinders\RootsQuadratic.h">
      <Filter>RootFinders</Filter>
    </ClInclude>
    <ClInclude Include="RootFinders\RootsQuartic.h">
      <Filter>RootFinders</Filter>
    </ClInclude>
    <ClInclude Include="Curves\BasisFunction.h">
      <Filter>Curves</Filter>
    </ClInclude>
    <ClInclude Include="Curves\BezierCurve.h">
      <Filter>Curves</Filter>
    </ClInclude>
    <ClInclude Include="Curves\BSplineCurve.h">
      <Filter>Curves</Filter>
    </ClInclude>
    <ClInclude Include="Curves\BSplineCurveFit.h">
      <Filter>Curves</Filter>
    </ClInclude>
    <ClInclude Include="Curves\BSplineGeodesic.h">
      <Filter>Curves</Filter>
    </ClInclude>
    <ClInclude Include="Curves\EllipsoidGeodesic.h">
      <Filter>Curves</Filter>
    </ClInclude>
    <ClInclude Include="Curves\FrenetFrame.h">
      <Filter>Curves</Filter>
    </ClInclude>
    <ClInclude Include="Curves\ImplicitCurve2.h">
      <Filter>Curves</Filter>
    </ClInclude>
    <ClInclude Include="Curves\NaturalCubicSpline.h">
      <Filter>Curves</Filter>
    </ClInclude>
    <ClInclude Include="Curves\NaturalQuinticSpline.h">
      <Filter>Curves</Filter>
    </ClInclude>
    <ClInclude Include="Curves\NURBSCircle.h">
      <Filter>Curves</Filter>
    </ClInclude>
    <ClInclude Include="Curves\NURBSCurve.h">
      <Filter>Curves</Filter>
    </ClInclude>
    <ClInclude Include="Curves\ParametricCurve.h">
      <Filter>Curves</Filter>
    </ClInclude>
    <ClInclude Include="Curves\PolynomialCurve.h">
      <Filter>Curves</Filter>
    </ClInclude>
    <ClInclude Include="Curves\RiemannianGeodesic.h">
      <Filter>Curves</Filter>
    </ClInclude>
    <ClInclude Include="Curves\TCBSplineCurve.h">
      <Filter>Curves</Filter>
    </ClInclude>
    <ClInclude Include="Surfaces\BSplineSurface.h">
      <Filter>Surfaces</Filter>
    </ClInclude>
    <ClInclude Include="Surfaces\BSplineSurfaceFit.h">
      <Filter>Surfaces</Filter>
    </ClInclude>
    <ClInclude Include="Surfaces\DarbouxFrame.h">
      <Filter>Surfaces</Filter>
    </ClInclude>
    <ClInclude Include="Surfaces\ImplicitSurface3.h">
      <Filter>Surfaces</Filter>
    </ClInclude>
    <ClInclude Include="Surfaces\NURBSSphere.h">
      <Filter>Surfaces</Filter>
    </ClInclude>
    <ClInclude Include="Surfaces\NURBSSurface.h">
      <Filter>Surfaces</Filter>
    </ClInclude>
    <ClInclude Include="Surfaces\ParametricSurface.h">
      <Filter>Surfaces</Filter>
    </ClInclude>
    <ClInclude Include="Surfaces\QuadricSurface.h">
      <Filter>Surfaces</Filter>
    </ClInclude>
  </ItemGroup>
</Project>