
Microsoft Visual Studio Solution File, Format Version 12.00
# Visual Studio 15
VisualStudioVersion = 15.0.28307.645
MinimumVisualStudioVersion = 10.0.40219.1
Project("{8BC9CEB8-8B4A-11D0-8D11-00A0C91BC942}") = "Fluids3DGL45.v15", "Fluids3DGL45.v15.vcxproj", "{BFCFC3B3-7725-403B-B95F-975D458D3CB5}"
EndProject
Project("{2150E333-8FDC-42A3-9474-1A3956D46DE8}") = "Required", "Required", "{DFB13DFC-EB20-43A0-B5C5-024BA5824899}"
EndProject
Project("{8BC9CEB8-8B4A-11D0-8D11-00A0C91BC942}") = "GTMathematics.v15", "..\..\..\GTMathematics.v15.vcxproj", "{49616508-0E21-4645-AC0B-7FE8E3628AB0}"
EndProject
Project("{8BC9CEB8-8B4A-11D0-8D11-00A0C91BC942}") = "GTGraphics.v15", "..\..\..\GTGraphics.v15.vcxproj", "{51BBAD44-0632-4222-A199-F45BB78E5989}"
EndProject
Project("{8BC9CEB8-8B4A-11D0-8D11-00A0C91BC942}") = "GTGraphicsGL45.v15", "..\..\..\GTGraphicsGL45.v15.vcxproj", "{F85F48E2-4D4A-48F5-8A54-AF1F788DF531}"
EndProject
Project("{8BC9CEB8-8B4A-11D0-8D11-00A0C91BC942}") = "GTApplicationsGL45.v15", "..\..\..\GTApplicationsGL45.v15.vcxproj", "{14364644-585C-43A8-9C45-E2EBCD8EEE4F}"
EndProject
Project("{8BC9CEB8-8B4A-11D0-8D11-00A0C91BC942}") = "GTMathematicsGPU.v15", "..\..\..\GTMathematicsGPU.v15.vcxproj", "{5A734F42-269A-4E48-88C2-34822A057044}"
EndProject
Global
	GlobalSection(SolutionConfigurationPlatforms) = preSolution
		Debug|x64 = Debug|x64
		Debug|x86 = Debug|x86
		Release|x64 = Release|x64
		Release|x86 = Release|x86
	EndGlobalSection
	GlobalSection(ProjectConfigurationPlatforms) = postSolution
		{BFCFC3B3-7725-403B-B95F-975D458D3CB5}.Debug|x64.ActiveCfg = Debug|x64
		{BFCFC3B3-7725-403B-B95F-975D458D3CB5}.Debug|x64.Build.0 = Debug|x64
		{BFCFC3B3-7725-403B-B95F-975D458D3CB5}.Debug|x86.ActiveCfg = Debug|Win32
		{BFCFC3B3-7725-403B-B95F-975D458D3CB5}.Debug|x86.Build.0 = Debug|Win32
		{BFCFC3B3-7725-403B-B95F-975D458D3CB5}.Release|x64.ActiveCfg = Release|x64
		{BFCFC3B3-7725-403B-B95F-975D458D3CB5}.Release|x64.Build.0 = Release|x64
		{BFCFC3B3-7725-403B-B95F-975D458D3CB5}.Release|x86.ActiveCfg = Release|Win32
		{BFCFC3B3-7725-403B-B95F-975D458D3CB5}.Release|x86.Build.0 = Release|Win32
		{49616508-0E21-4645-AC0B-7FE8E3628AB0}.Debug|x64.ActiveCfg = Debug|x64
		{49616508-0E21-4645-AC0B-7FE8E3628AB0}.Debug|x64.Build.0 = Debug|x64
		{49616508-0E21-4645-AC0B-7FE8E3628AB0}.Debug|x86.ActiveCfg = Debug|Win32
		{49616508-0E21-4645-AC0B-7FE8E3628AB0}.Debug|x86.Build.0 = Debug|Win32
		{49616508-0E21-4645-AC0B-7FE8E3628AB0}.Release|x64.ActiveCfg = Release|x64
		{49616508-0E21-4645-AC0B-7FE8E3628AB0}.Release|x64.Build.0 = Release|x64
		{49616508-0E21-4645-AC0B-7FE8E3628AB0}.Release|x86.ActiveCfg = Release|Win32
		{49616508-0E21-4645-AC0B-7FE8E3628AB0}.Release|x86.Build.0 = Release|Win32
		{51BBAD44-0632-4222-A199-F45BB78E5989}.Debug|x64.ActiveCfg = Debug|x64
		{51BBAD44-0632-4222-A199-F45BB78E5989}.Debug|x64.Build.0 = Debug|x64
		{51BBAD44-0632-4222-A199-F45BB78E5989}.Debug|x86.ActiveCfg = Debug|Win32
		{51BBAD44-0632-4222-A199-F45BB78E5989}.Debug|x86.Build.0 = Debug|Win32
		{51BBAD44-0632-4222-A199-F45BB78E5989}.Release|x64.ActiveCfg = Release|x64
		{51BBAD44-0632-4222-A199-F45BB78E5989}.Release|x64.Build.0 = Release|x64
		{51BBAD44-0632-4222-A199-F45BB78E5989}.Release|x86.ActiveCfg = Release|Win32
		{51BBAD44-0632-4222-A199-F45BB78E5989}.Release|x86.Build.0 = Release|Win32
		{F85F48E2-4D4A-48F5-8A54-AF1F788DF531}.Debug|x64.ActiveCfg = Debug|x64
		{F85F48E2-4D4A-48F5-8A54-AF1F788DF531}.Debug|x64.Build.0 = Debug|x64
		{F85F48E2-4D4A-48F5-8A54-AF1F788DF531}.Debug|x86.ActiveCfg = Debug|Win32
		{F85F48E2-4D4A-48F5-8A54-AF1F788DF531}.Debug|x86.Build.0 = Debug|Win32
		{F85F48E2-4D4A-48F5-8A54-AF1F788DF531}.Release|x64.ActiveCfg = Release|x64
		{F85F48E2-4D4A-48F5-8A54-AF1F788DF531}.Release|x64.Build.0 = Release|x64
		{F85F48E2-4D4A-48F5-8A54-AF1F788DF531}.Release|x86.ActiveCfg = Release|Win32
		{F85F48E2-4D4A-48F5-8A54-AF1F788DF531}.Release|x86.Build.0 = Release|Win32
		{14364644-585C-43A8-9C45-E2EBCD8EEE4F}.Debug|x64.ActiveCfg = Debug|x64
		{14364644-585C-43A8-9C45-E2EBCD8EEE4F}.Debug|x64.Build.0 = Debug|x64
		{14364644-585C-43A8-9C45-E2EBCD8EEE4F}.Debug|x86.ActiveCfg = Debug|Win32
		{14364644-585C-43A8-9C45-E2EBCD8EEE4F}.Debug|x86.Build.0 = Debug|Win32
		{14364644-585C-43A8-9C45-E2EBCD8EEE4F}.Release|x64.ActiveCfg = Release|x64
		{14364644-585C-43A8-9C45-E2EBCD8EEE4F}.Release|x64.Build.0 = Release|x64
		{14364644-585C-43A8-9C45-E2EBCD8EEE4F}.Release|x86.ActiveCfg = Release|Win32
		{14364644-585C-43A8-9C45-E2EBCD8EEE4F}.Release|x86.Build.0 = Release|Win32
		{5A734F42-269A-4E48-88C2-34822A057044}.Debug|x64.ActiveCfg = Debug|x64
		{5A734F42-269A-4E48-88C2-34822A057044}.Debug|x64.Build.0 = Debug|x64
		{5A734F42-269A-4E48-88C2-34822A057044}.Debug|x86.ActiveCfg = Debug|Win32
		{5A734F42-269A-4E48-88C2-34822A057044}.Debug|x86.Build.0 = Debug|Win32
		{5A734F42-269A-4E48-88C2-34822A057044}.Release|x64.ActiveCfg = Release|x64
		{5A734F42-269A-4E48-88C2-34822A057044}.Release|x64.Build.0 = Release|x64
		{5A734F42-269A-4E48-88C2-34822A057044}.Release|x86.ActiveCfg = Release|Win32
		{5A734F42-269A-4E48-88C2-34822A057044}.Release|x86.Build.0 = Release|Win32
	EndGlobalSection
	GlobalSection(SolutionProperties) = preSolution
		HideSolutionNode = FALSE
	EndGlobalSection
	GlobalSection(NestedProjects) = preSolution
		{49616508-0E21-4645-AC0B-7FE8E3628AB0} = {DFB13DFC-EB20-43A0-B5C5-024BA5824899}
		{51BBAD44-0632-4222-A199-F45BB78E5989} = {DFB13DFC-EB20-43A0-B5C5-024BA5824899}
		{F85F48E2-4D4A-48F5-8A54-AF1F788DF531} = {DFB13DFC-EB20-43A0-B5C5-024BA5824899}
		{14364644-585C-43A8-9C45-E2EBCD8EEE4F} = {DFB13DFC-EB20-43A0-B5C5-024BA5824899}
		{5A734F42-269A-4E48-88C2-34822A057044} = {DFB13DFC-EB20-43A0-B5C5-024BA5824899}
	EndGlobalSection
	GlobalSection(ExtensibilityGlobals) = postSolution
		SolutionGuid = {2B5BD42E-A2C3-49FB-ACD7-7CF254EA3F41}
	EndGlobalSection
EndGlobal
